<?xml version="1.0" encoding="utf-8"?>
<Project ToolsVersion="4.0" xmlns="http://schemas.microsoft.com/developer/msbuild/2003">
  <ItemGroup>
    <Filter Include="Source Files">
      <UniqueIdentifier>{4FC737F1-C7A5-4376-A066-2A32D752A2FF}</UniqueIdentifier>
      <Extensions>cpp;c;cc;cxx;def;odl;idl;hpj;bat;asm;asmx</Extensions>
    </Filter>
    <Filter Include="Header Files">
      <UniqueIdentifier>{93995380-89BD-4b04-88EB-625FBE52EBFB}</UniqueIdentifier>
      <Extensions>h;hpp;hxx;hm;inl;inc;xsd</Extensions>
    </Filter>
    <Filter Include="Resource Files">
      <UniqueIdentifier>{67DA6AB6-F800-4c08-8B7A-83BB121AAD01}</UniqueIdentifier>
      <Extensions>rc;ico;cur;bmp;dlg;rc2;rct;bin;rgs;gif;jpg;jpeg;jpe;resx;tiff;tif;png;wav;mfcribbon-ms</Extensions>
    </Filter>
    <Filter Include="Driver Files">
      <UniqueIdentifier>{8E41214B-6785-4CFE-B992-037D68949A14}</UniqueIdentifier>
      <Extensions>inf;inv;inx;mof;mc;</Extensions>
    </Filter>
    <Filter Include="Intel AVB Library">
      <UniqueIdentifier>{91f626ab-1890-40cb-824d-8b4669a844d8}</UniqueIdentifier>
    </Filter>
    <Filter Include="Intel AVB Library\header">
      <UniqueIdentifier>{3c496780-a5b7-444a-b1e4-67ac18dc96c9}</UniqueIdentifier>
    </Filter>
    <Filter Include="Intel AVB Library\spec">
      <UniqueIdentifier>{3f7b5d36-b8fa-4c34-b2da-8d9b314e8392}</UniqueIdentifier>
    </Filter>
    <Filter Include="Docs">
      <UniqueIdentifier>{69e6d2d8-c3ed-476e-9d44-2e1f7fb633af}</UniqueIdentifier>
    </Filter>
  </ItemGroup>
  <ItemGroup>
    <Inf Include="IntelAvbFilter.inf">
      <Filter>Driver Files</Filter>
    </Inf>
  </ItemGroup>
  <ItemGroup>
    <ClInclude Include="precomp.h">
      <Filter>Header Files</Filter>
    </ClInclude>
    <ClInclude Include="filter.h">
      <Filter>Header Files</Filter>
    </ClInclude>
    <ClInclude Include="filteruser.h">
      <Filter>Header Files</Filter>
    </ClInclude>
    <ClInclude Include="flt_dbg.h">
      <Filter>Header Files</Filter>
    </ClInclude>
    <ClInclude Include="avb_integration.h">
      <Filter>Header Files</Filter>
    </ClInclude>
    <ClInclude Include="tsn_config.h">
      <Filter>Header Files</Filter>
    </ClInclude>
    <ClInclude Include="external\intel_avb\lib\intel.h">
      <Filter>Intel AVB Library\header</Filter>
    </ClInclude>
    <ClInclude Include="external\intel_avb\lib\intel_private.h">
      <Filter>Intel AVB Library\header</Filter>
    </ClInclude>
    <ClInclude Include="include\avb_ioctl.h">
      <Filter>Header Files</Filter>
    </ClInclude>
    <ClInclude Include="intel-ethernet-regs\gen\i210_regs.h">
      <Filter>Header Files</Filter>
    </ClInclude>
    <ClInclude Include="intel-ethernet-regs\gen\i217_regs.h">
      <Filter>Header Files</Filter>
    </ClInclude>
    <ClInclude Include="intel-ethernet-regs\gen\i219_regs.h">
      <Filter>Header Files</Filter>
    </ClInclude>
    <ClInclude Include="intel-ethernet-regs\gen\i225_regs.h">
      <Filter>Header Files</Filter>
    </ClInclude>
    <ClInclude Include="intel-ethernet-regs\gen\i226_regs.h">
      <Filter>Header Files</Filter>
    </ClInclude>
    <ClInclude Include="tests\taef\AvbTestCommon.h">
      <Filter>Header Files</Filter>
    </ClInclude>
    <ClInclude Include="external\intel_igb\src\e1000_regs.h">
      <Filter>Header Files</Filter>
    </ClInclude>
  </ItemGroup>
  <ItemGroup>
    <ClCompile Include="filter.c">
      <Filter>Source Files</Filter>
    </ClCompile>
    <ClCompile Include="device.c">
      <Filter>Source Files</Filter>
    </ClCompile>
    <ClCompile Include="flt_dbg.c">
      <Filter>Source Files</Filter>
    </ClCompile>
    <ClCompile Include="precomp.c">
      <Filter>Source Files</Filter>
    </ClCompile>
    <ClCompile Include="tsn_config.c">
      <Filter>Source Files</Filter>
    </ClCompile>
    <ClCompile Include="intel_kernel_real.c">
      <Filter>Source Files</Filter>
    </ClCompile>
    <ClCompile Include="avb_integration_fixed.c">
      <Filter>Source Files</Filter>
    </ClCompile>
    <ClCompile Include="avb_hardware_access.c">
      <Filter>Source Files</Filter>
    </ClCompile>
    <ClCompile Include="avb_bar0_discovery.c">
      <Filter>Source Files</Filter>
    </ClCompile>
    <ClCompile Include="avb_bar0_enhanced.c">
      <Filter>Source Files</Filter>
    </ClCompile>
    <ClCompile Include="avb_test_i210.c">
      <Filter>Source Files</Filter>
    </ClCompile>
    <ClCompile Include="tools\avb_test\avb_test_actual.c">
      <Filter>Source Files</Filter>
    </ClCompile>
    <ClCompile Include="tools\avb_test\avb_test_app.c">
      <Filter>Source Files</Filter>
    </ClCompile>
    <ClCompile Include="tools\avb_test\avb_test_standalone.c">
      <Filter>Source Files</Filter>
    </ClCompile>
    <ClCompile Include="tools\avb_test\avb_test_user.c">
      <Filter>Source Files</Filter>
    </ClCompile>
    <ClCompile Include="tools\avb_test\avb_test_user_main.c">
      <Filter>Source Files</Filter>
    </ClCompile>
    <ClCompile Include="tests\integration\AvbIntegrationTests.c">
      <Filter>Source Files</Filter>
    </ClCompile>
    <ClCompile Include="tests\taef\AvbTaefTests.c">
      <Filter>Source Files</Filter>
    </ClCompile>
  </ItemGroup>
  <ItemGroup>
    <ResourceCompile Include="filter.rc">
      <Filter>Resource Files</Filter>
    </ResourceCompile>
  </ItemGroup>
  <ItemGroup>
    <None Include="external\intel_avb\spec\README.md">
      <Filter>Intel AVB Library\spec</Filter>
    </None>
    <None Include=".github\copilot-instructions.md">
      <Filter>Docs</Filter>
    </None>
    <None Include="external\intel_avb\spec\332763_I210_SpecUpdate_Rev3.0.md">
      <Filter>Docs</Filter>
    </None>
    <None Include="external\intel_avb\spec\333016 - I210_Datasheet_v_3_7.md">
      <Filter>Docs</Filter>
    </None>
    <None Include="external\intel_avb\spec\335761 - I210_CS_CL_Datasheet_v_1_8.md">
      <Filter>Docs</Filter>
    </None>
    <None Include="external\intel_avb\spec\621661-Intel® Ethernet Controller I225-Public External Specification Update-v1.2.md">
      <Filter>Docs</Filter>
    </None>
    <None Include="external\intel_avb\spec\2407151103_Intel-Altera-KTI226V-S-RKTU_C26159200.md">
      <Filter>Docs</Filter>
    </None>
    <None Include="external\intel_avb\spec\ethernet-connection-i219-datasheet.md">
      <Filter>Docs</Filter>
    </None>
    <None Include="external\intel_avb\spec\i217-ethernet-controller-datasheet-2.md">
      <Filter>Docs</Filter>
    </None>
    <None Include="README.md">
      <Filter>Docs</Filter>
    </None>
    <None Include="TODO.md">
      <Filter>Docs</Filter>
    </None>
    <None Include="IMPLEMENTATION_MILESTONE.md" />
    <None Include="HARDWARE_ACCESS_IMPLEMENTATION.md" />
    <None Include="INTEGRATION_GUIDE.md" />
    <None Include="BREAKTHROUGH_SUMMARY.md" />
    <None Include="MICROSOFT_SAMPLES_INTEGRATION.md" />
    <None Include="BAR0_IMPLEMENTATION_COMPLETE.md" />
    <None Include="IMPLEMENTATION_COMPLETE.md" />
    <None Include="COMPILATION_ERRORS_FIXED.md" />
    <None Include="HONEST_CUSTOMER_STATUS_REPORT.md" />
    <None Include="IntelAvbFilter.cdf" />
    <None Include="Generate-CATFile.ps1" />
    <None Include="CAT-FILE-MANAGEMENT.md" />
    <None Include="Sign-Driver.ps1" />
    <None Include="Manage-Certificate.ps1" />
    <None Include="Build-And-Sign-Driver.ps1" />
    <None Include="Makefile.avb_tests" />
    <None Include="tools\avb_test\avb_test.mak" />
    <None Include="x64\Debug\IntelAvbFilter.cat" />
    <None Include="tests\integration\Makefile.mak" />
    <None Include="tests\README.md" />
    <None Include="tests\taef\Makefile.mak" />
    <None Include="Directory.Build.props" />
    <None Include="scripts\build_and_test.ps1" />
    <None Include="I210_PTP_FIX_SUMMARY.md" />
  </ItemGroup>
</Project>